// !$*UTF8*$!
{
	archiveVersion = 1;
	classes = {
	};
	objectVersion = 56;
	objects = {

/* Begin PBXBuildFile section */
		AAA001 /* macToolApp.swift in Sources */ = {isa = PBXBuildFile; fileRef = BBB001; };
		AAA002 /* AppDelegate.swift in Sources */ = {isa = PBXBuildFile; fileRef = BBB002; };
		AAA003 /* MonitoredApp.swift in Sources */ = {isa = PBXBuildFile; fileRef = BBB003; };
		AAA004 /* AppState.swift in Sources */ = {isa = PBXBuildFile; fileRef = BBB004; };
		AAA005 /* ProcessMonitor.swift in Sources */ = {isa = PBXBuildFile; fileRef = BBB005; };
		AAA006 /* AnomalyDetector.swift in Sources */ = {isa = PBXBuildFile; fileRef = BBB006; };
		AAA007 /* MonitorService.swift in Sources */ = {isa = PBXBuildFile; fileRef = BBB007; };
		AAA008 /* MenuBarView.swift in Sources */ = {isa = PBXBuildFile; fileRef = BBB008; };
		AAA010 /* AutoLaunchManager.swift in Sources */ = {isa = PBXBuildFile; fileRef = BBB012; };
		AAA009 /* SettingsView.swift in Sources */ = {isa = PBXBuildFile; fileRef = BBB009; };
/* End PBXBuildFile section */

/* Begin PBXFileReference section */
		BBB001 /* macToolApp.swift */ = {isa = PBXFileReference; lastKnownFileType = sourcecode.swift; path = macToolApp.swift; sourceTree = "<group>"; };
		BBB002 /* AppDelegate.swift */ = {isa = PBXFileReference; lastKnownFileType = sourcecode.swift; path = AppDelegate.swift; sourceTree = "<group>"; };
		BBB003 /* MonitoredApp.swift */ = {isa = PBXFileReference; lastKnownFileType = sourcecode.swift; path = MonitoredApp.swift; sourceTree = "<group>"; };
		BBB004 /* AppState.swift */ = {isa = PBXFileReference; lastKnownFileType = sourcecode.swift; path = AppState.swift; sourceTree = "<group>"; };
		BBB005 /* ProcessMonitor.swift */ = {isa = PBXFileReference; lastKnownFileType = sourcecode.swift; path = ProcessMonitor.swift; sourceTree = "<group>"; };
		BBB006 /* AnomalyDetector.swift */ = {isa = PBXFileReference; lastKnownFileType = sourcecode.swift; path = AnomalyDetector.swift; sourceTree = "<group>"; };
		BBB007 /* MonitorService.swift */ = {isa = PBXFileReference; lastKnownFileType = sourcecode.swift; path = MonitorService.swift; sourceTree = "<group>"; };
		BBB008 /* MenuBarView.swift */ = {isa = PBXFileReference; lastKnownFileType = sourcecode.swift; path = MenuBarView.swift; sourceTree = "<group>"; };
		BBB009 /* SettingsView.swift */ = {isa = PBXFileReference; lastKnownFileType = sourcecode.swift; path = SettingsView.swift; sourceTree = "<group>"; };
		BBB012 /* AutoLaunchManager.swift */ = {isa = PBXFileReference; lastKnownFileType = sourcecode.swift; path = AutoLaunchManager.swift; sourceTree = "<group>"; };
		BBB010 /* Info.plist */ = {isa = PBXFileReference; lastKnownFileType = text.plist.xml; path = Info.plist; sourceTree = "<group>"; };
		BBB011 /* macTool.entitlements */ = {isa = PBXFileReference; lastKnownFileType = text.plist.entitlements; path = macTool.entitlements; sourceTree = "<group>"; };
		CCC001 /* macTool.app */ = {isa = PBXFileReference; explicitFileType = wrapper.application; includeInIndex = 0; path = macTool.app; sourceTree = BUILT_PRODUCTS_DIR; };
/* End PBXFileReference section */

/* Begin PBXFrameworksBuildPhase section */
		DDD001 /* Frameworks */ = {
			isa = PBXFrameworksBuildPhase;
			buildActionMask = 2147483647;
			files = (
			);
			runOnlyForDeploymentPostprocessing = 0;
		};
/* End PBXFrameworksBuildPhase section */

/* Begin PBXGroup section */
		EEE001 = {
			isa = PBXGroup;
			children = (
				EEE002 /* macTool */,
				EEE003 /* Products */,
			);
			sourceTree = "<group>";
		};
		EEE002 /* macTool */ = {
			isa = PBXGroup;
			children = (
				EEE004 /* App */,
				EEE005 /* Models */,
				EEE006 /* Views */,
				EEE007 /* Services */,
				BBB010 /* Info.plist */,
				BBB011 /* macTool.entitlements */,
			);
			path = macTool;
			sourceTree = "<group>";
		};
		EEE003 /* Products */ = {
			isa = PBXGroup;
			children = (
				CCC001 /* macTool.app */,
			);
			name = Products;
			sourceTree = "<group>";
		};
		EEE004 /* App */ = {
			isa = PBXGroup;
			children = (
				BBB001 /* macToolApp.swift */,
				BBB002 /* AppDelegate.swift */,
			);
			path = App;
			sourceTree = "<group>";
		};
		EEE005 /* Models */ = {
			isa = PBXGroup;
			children = (
				BBB003 /* MonitoredApp.swift */,
				BBB004 /* AppState.swift */,
			);
			path = Models;
			sourceTree = "<group>";
		};
		EEE006 /* Views */ = {
			isa = PBXGroup;
			children = (
				BBB008 /* MenuBarView.swift */,
				BBB009 /* SettingsView.swift */,
			);
			path = Views;
			sourceTree = "<group>";
		};
		EEE007 /* Services */ = {
			isa = PBXGroup;
			children = (
				BBB005 /* ProcessMonitor.swift */,
				BBB006 /* AnomalyDetector.swift */,
				BBB007 /* MonitorService.swift */,
				BBB012 /* AutoLaunchManager.swift */,
			);
			path = Services;
			sourceTree = "<group>";
		};
/* End PBXGroup section */

/* Begin PBXNativeTarget section */
		FFF001 /* macTool */ = {
			isa = PBXNativeTarget;
			buildConfigurationList = GGG001;
			buildPhases = (
				HHH001 /* Sources */,
				DDD001 /* Frameworks */,
				III001 /* Resources */,
			);
			buildRules = (
			);
			dependencies = (
			);
			name = macTool;
			productName = macTool;
			productReference = CCC001 /* macTool.app */;
			productType = "com.apple.product-type.application";
		};
/* End PBXNativeTarget section */

/* Begin PBXProject section */
		JJJ001 /* Project object */ = {
			isa = PBXProject;
			attributes = {
				BuildIndependentTargetsInParallel = 1;
				LastSwiftUpdate = 2024;
				LastUpgradeCheck = 2024;
				TargetAttributes = {
					FFF001 = {
						CreatedOnToolsVersion = 14.0;
					};
				};
			};
			buildConfigurationList = KKK001;
			compatibilityVersion = "Xcode 14.0";
			developmentRegion = zh_CN;
			hasScannedForEncodings = 0;
			knownRegions = (
				zh_CN,
				en,
				Base,
			);
			mainGroup = EEE001;
			productRefGroup = EEE003 /* Products */;
			projectDirPath = "";
			projectRoot = "";
			targets = (
				FFF001 /* macTool */,
			);
		};
/* End PBXProject section */

/* Begin PBXResourcesBuildPhase section */
		III001 /* Resources */ = {
			isa = PBXResourcesBuildPhase;
			buildActionMask = 2147483647;
			files = (
			);
			runOnlyForDeploymentPostprocessing = 0;
		};
/* End PBXResourcesBuildPhase section */

/* Begin PBXSourcesBuildPhase section */
		HHH001 /* Sources */ = {
			isa = PBXSourcesBuildPhase;
			buildActionMask = 2147483647;
			files = (
				AAA001 /* macToolApp.swift in Sources */,
				AAA002 /* AppDelegate.swift in Sources */,
				AAA003 /* MonitoredApp.swift in Sources */,
				AAA004 /* AppState.swift in Sources */,
				AAA005 /* ProcessMonitor.swift in Sources */,
				AAA006 /* AnomalyDetector.swift in Sources */,
				AAA007 /* MonitorService.swift in Sources */,
				AAA008 /* MenuBarView.swift in Sources */,
				AAA009 /* SettingsView.swift in Sources */,
				AAA010 /* AutoLaunchManager.swift in Sources */,
			);
			runOnlyForDeploymentPostprocessing = 0;
		};
/* End PBXSourcesBuildPhase section */

/* Begin XCBuildConfiguration section */
		LLL001 /* Debug */ = {
			isa = XCBuildConfiguration;
			buildSettings = {
				ALWAYS_SEARCH_USER_PATHS = NO;
				ASSETCATALOG_COMPILER_GENERATE_SWIFT_ASSET_SYMBOL_EXTENSIONS = YES;
				CLANG_ANALYZER_NONNULL = YES;
				CLANG_ANALYZER_NUMBER_OBJECT_CONVERSION = YES_AGGRESSIVE;
				CLANG_CXX_LANGUAGE_STANDARD = "gnu++20";
				CLANG_ENABLE_MODULES = YES;
				CLANG_ENABLE_OBJC_ARC = YES;
				CLANG_ENABLE_OBJC_WEAK = YES;
				CLANG_WARN_BLOCK_CAPTURE_AUTORELEASING = YES;
				CLANG_WARN_BOOL_CONVERSION = YES;
				CLANG_WARN_COMMA = YES;
				CLANG_WARN_CONSTANT_CONVERSION = YES;
				CLANG_WARN_DEPRECATED_OBJC_IMPLEMENTATIONS = YES;
				CLANG_WARN_DIRECT_OBJC_ISA_USAGE = YES_ERROR;
				CLANG_WARN_DOCUMENTATION_COMMENTS = YES;
				CLANG_WARN_EMPTY_BODY = YES;
				CLANG_WARN_ENUM_CONVERSION = YES;
				CLANG_WARN_INFINITE_RECURSION = YES;
				CLANG_WARN_INT_CONVERSION = YES;
				CLANG_WARN_NON_LITERAL_NULL_CONVERSION = YES;
				CLANG_WARN_OBJC_IMPLICIT_RETAIN_SELF = YES;
				CLANG_WARN_OBJC_LITERAL_CONVERSION = YES;
				CLANG_WARN_OBJC_ROOT_CLASS = YES_ERROR;
				CLANG_WARN_QUOTED_INCLUDE_IN_FRAMEWORK_HEADER = YES;
				CLANG_WARN_RANGE_LOOP_ANALYSIS = YES;
				CLANG_WARN_STRICT_PROTOTYPES = YES;
				CLANG_WARN_SUSPICIOUS_MOVE = YES;
				CLANG_WARN_UNGUARDED_AVAILABILITY = YES_AGGRESSIVE;
				CLANG_WARN_UNREACHABLE_CODE = YES;
				CLANG_WARN__DUPLICATE_METHOD_MATCH = YES;
				COPY_PHASE_STRIP = NO;
				DEBUG_INFORMATION_FORMAT = dwarf;
				ENABLE_STRICT_OBJC_MSGSEND = YES;
				ENABLE_TESTABILITY = YES;
				ENABLE_USER_SCRIPT_SANDBOXING = YES;
				GCC_C_LANGUAGE_STANDARD = gnu17;
				GCC_DYNAMIC_NO_PIC = NO;
				GCC_NO_COMMON_BLOCKS = YES;
				GCC_OPTIMIZATION_LEVEL = 0;
				GCC_PREPROCESSOR_DEFINITIONS = (
					"DEBUG=1",
					"$(inherited)",
				);
				GCC_WARN_64_TO_32_BIT_CONVERSION = YES;
				GCC_WARN_ABOUT_RETURN_TYPE = YES_ERROR;
				GCC_WARN_UNDECLARED_SELECTOR = YES;
				GCC_WARN_UNINITIALIZED_AUTOS = YES_AGGRESSIVE;
				GCC_WARN_UNUSED_FUNCTION = YES;
				GCC_WARN_UNUSED_VARIABLE = YES;
				LOCALIZATION_PREFERS_STRING_CATALOGS = YES;
				MACOSX_DEPLOYMENT_TARGET = 13.0;
				MTL_ENABLE_DEBUG_INFO = INCLUDE_SOURCE;
				MTL_FAST_MATH = YES;
				ONLY_ACTIVE_ARCH = YES;
				SDKROOT = macosx;
				SWIFT_ACTIVE_COMPILATION_CONDITIONS = "DEBUG $(inherited)";
				SWIFT_OPTIMIZATION_LEVEL = "-Onone";
			};
			name = Debug;
		};
		LLL002 /* Release */ = {
			isa = XCBuildConfiguration;
			buildSettings = {
				ALWAYS_SEARCH_USER_PATHS = NO;
				ASSETCATALOG_COMPILER_GENERATE_SWIFT_ASSET_SYMBOL_EXTENSIONS = YES;
				CLANG_ANALYZER_NONNULL = YES;
				CLANG_ANALYZER_NUMBER_OBJECT_CONVERSION = YES_AGGRESSIVE;
				CLANG_CXX_LANGUAGE_STANDARD = "gnu++20";
				CLANG_ENABLE_MODULES = YES;
				CLANG_ENABLE_OBJC_ARC = YES;
				CLANG_ENABLE_OBJC_WEAK = YES;
				CLANG_WARN_BLOCK_CAPTURE_AUTORELEASING = YES;
				CLANG_WARN_BOOL_CONVERSION = YES;
				CLANG_WARN_COMMA = YES;
				CLANG_WARN_CONSTANT_CONVERSION = YES;
				CLANG_WARN_DEPRECATED_OBJC_IMPLEMENTATIONS = YES;
				CLANG_WARN_DIRECT_OBJC_ISA_USAGE = YES_ERROR;
				CLANG_WARN_DOCUMENTATION_COMMENTS = YES;
				CLANG_WARN_EMPTY_BODY = YES;
				CLANG_WARN_ENUM_CONVERSION = YES;
				CLANG_WARN_INFINITE_RECURSION = YES;
				CLANG_WARN_INT_CONVERSION = YES;
				CLANG_WARN_NON_LITERAL_NULL_CONVERSION = YES;
				CLANG_WARN_OBJC_IMPLICIT_RETAIN_SELF = YES;
				CLANG_WARN_OBJC_LITERAL_CONVERSION = YES;
				CLANG_WARN_OBJC_ROOT_CLASS = YES_ERROR;
				CLANG_WARN_QUOTED_INCLUDE_IN_FRAMEWORK_HEADER = YES;
				CLANG_WARN_RANGE_LOOP_ANALYSIS = YES;
				CLANG_WARN_STRICT_PROTOTYPES = YES;
				CLANG_WARN_SUSPICIOUS_MOVE = YES;
				CLANG_WARN_UNGUARDED_AVAILABILITY = YES_AGGRESSIVE;
				CLANG_WARN_UNREACHABLE_CODE = YES;
				CLANG_WARN__DUPLICATE_METHOD_MATCH = YES;
				COPY_PHASE_STRIP = NO;
				DEBUG_INFORMATION_FORMAT = "dwarf-with-dsym";
				ENABLE_NS_ASSERTIONS = NO;
				ENABLE_STRICT_OBJC_MSGSEND = YES;
				ENABLE_USER_SCRIPT_SANDBOXING = YES;
				GCC_C_LANGUAGE_STANDARD = gnu17;
				GCC_NO_COMMON_BLOCKS = YES;
				GCC_WARN_64_TO_32_BIT_CONVERSION = YES;
				GCC_WARN_ABOUT_RETURN_TYPE = YES_ERROR;
				GCC_WARN_UNDECLARED_SELECTOR = YES;
				GCC_WARN_UNINITIALIZED_AUTOS = YES_AGGRESSIVE;
				GCC_WARN_UNUSED_FUNCTION = YES;
				GCC_WARN_UNUSED_VARIABLE = YES;
				LOCALIZATION_PREFERS_STRING_CATALOGS = YES;
				MACOSX_DEPLOYMENT_TARGET = 13.0;
				MTL_ENABLE_DEBUG_INFO = NO;
				MTL_FAST_MATH = YES;
				SDKROOT = macosx;
				SWIFT_COMPILATION_MODE = wholemodule;
				VALIDATE_PRODUCT = YES;
			};
			name = Release;
		};
		MMM001 /* Debug */ = {
			isa = XCBuildConfiguration;
			buildSettings = {
				ASSETCATALOG_COMPILER_APPICON_NAME = AppIcon;
				ASSETCATALOG_COMPILER_GLOBAL_ACCENT_COLOR_NAME = AccentColor;
				CODE_SIGN_ENTITLEMENTS = macTool/macTool.entitlements;
				CODE_SIGN_STYLE = Automatic;
				COMBINE_HIDPI_IMAGES = YES;
				CURRENT_PROJECT_VERSION = 1;
				DEVELOPMENT_TEAM = "";
				ENABLE_HARDENED_RUNTIME = YES;
				GENERATE_INFOPLIST_FILE = YES;
				INFOPLIST_FILE = macTool/Info.plist;
				INFOPLIST_KEY_CFBundleDisplayName = "CPU Monitor";
				INFOPLIST_KEY_LSApplicationCategoryType = "public.app-category.utilities";
				INFOPLIST_KEY_LSUIElement = YES;
				INFOPLIST_KEY_NSHumanReadableCopyright = "";
				LD_RUNPATH_SEARCH_PATHS = (
					"$(inherited)",
					"@executable_path/../Frameworks",
				);
				MARKETING_VERSION = 1.0;
				PRODUCT_BUNDLE_IDENTIFIER = com.dzj.macTool;
				PRODUCT_NAME = "$(TARGET_NAME)";
				SWIFT_EMIT_LOC_STRINGS = YES;
				SWIFT_VERSION = 5.0;
			};
			name = Debug;
		};
		MMM002 /* Release */ = {
			isa = XCBuildConfiguration;
			buildSettings = {
				ASSETCATALOG_COMPILER_APPICON_NAME = AppIcon;
				ASSETCATALOG_COMPILER_GLOBAL_ACCENT_COLOR_NAME = AccentColor;
				CODE_SIGN_ENTITLEMENTS = macTool/macTool.entitlements;
				CODE_SIGN_STYLE = Automatic;
				COMBINE_HIDPI_IMAGES = YES;
				CURRENT_PROJECT_VERSION = 1;
				DEVELOPMENT_TEAM = "";
				ENABLE_HARDENED_RUNTIME = YES;
				GENERATE_INFOPLIST_FILE = YES;
				INFOPLIST_FILE = macTool/Info.plist;
				INFOPLIST_KEY_CFBundleDisplayName = "CPU Monitor";
				INFOPLIST_KEY_LSApplicationCategoryType = "public.app-category.utilities";
				INFOPLIST_KEY_LSUIElement = YES;
				INFOPLIST_KEY_NSHumanReadableCopyright = "";
				LD_RUNPATH_SEARCH_PATHS = (
					"$(inherited)",
					"@executable_path/../Frameworks",
				);
				MARKETING_VERSION = 1.0;
				PRODUCT_BUNDLE_IDENTIFIER = com.dzj.macTool;
				PRODUCT_NAME = "$(TARGET_NAME)";
				SWIFT_EMIT_LOC_STRINGS = YES;
				SWIFT_VERSION = 5.0;
			};
			name = Release;
		};
/* End XCBuildConfiguration section */

/* Begin XCConfigurationList section */
		GGG001 /* Build configuration list for PBXNativeTarget "macTool" */ = {
			isa = XCConfigurationList;
			buildConfigurations = (
				MMM001 /* Debug */,
				MMM002 /* Release */,
			);
			defaultConfigurationIsVisible = 0;
			defaultConfigurationName = Release;
		};
		KKK001 /* Build configuration list for PBXProject "macTool" */ = {
			isa = XCConfigurationList;
			buildConfigurations = (
				LLL001 /* Debug */,
				LLL002 /* Release */,
			);
			defaultConfigurationIsVisible = 0;
			defaultConfigurationName = Release;
		};
/* End XCConfigurationList section */
	};
	rootObject = JJJ001 /* Project object */;
}